// !$*UTF8*$!
{
	archiveVersion = 1;
	classes = {
	};
	objectVersion = 56;
	objects = {

/* Begin PBXBuildFile section */
		3172F0DD2C456ABC00219E6F /* My_ShowroomApp.swift in Sources */ = {isa = PBXBuildFile; fileRef = 3172F0DC2C456ABC00219E6F /* My_ShowroomApp.swift */; };
		3172F0DF2C456ABC00219E6F /* ContentView.swift in Sources */ = {isa = PBXBuildFile; fileRef = 3172F0DE2C456ABC00219E6F /* ContentView.swift */; };
		3172F0E12C456ABD00219E6F /* Assets.xcassets in Resources */ = {isa = PBXBuildFile; fileRef = 3172F0E02C456ABD00219E6F /* Assets.xcassets */; };
		3172F0E42C456ABD00219E6F /* Preview Assets.xcassets in Resources */ = {isa = PBXBuildFile; fileRef = 3172F0E32C456ABD00219E6F /* Preview Assets.xcassets */; };
		3172F0EC2C457EEE00219E6F /* Product.swift in Sources */ = {isa = PBXBuildFile; fileRef = 3172F0EB2C457EEE00219E6F /* Product.swift */; };
		3172F0EF2C45816D00219E6F /* ImageSliderView.swift in Sources */ = {isa = PBXBuildFile; fileRef = 3172F0EE2C45816D00219E6F /* ImageSliderView.swift */; };
		3172F0F12C45866700219E6F /* ProductCardView.swift in Sources */ = {isa = PBXBuildFile; fileRef = 3172F0F02C45866700219E6F /* ProductCardView.swift */; };
		3172F0F32C45868200219E6F /* SearchView.swift in Sources */ = {isa = PBXBuildFile; fileRef = 3172F0F22C45868200219E6F /* SearchView.swift */; };
		3172F0F52C45883B00219E6F /* CartManager.swift in Sources */ = {isa = PBXBuildFile; fileRef = 3172F0F42C45883B00219E6F /* CartManager.swift */; };
		3172F0F92C459D3600219E6F /* CartButton.swift in Sources */ = {isa = PBXBuildFile; fileRef = 3172F0F82C459D3600219E6F /* CartButton.swift */; };
		3172F0FC2C459E4900219E6F /* HomePageView.swift in Sources */ = {isa = PBXBuildFile; fileRef = 3172F0FB2C459E4900219E6F /* HomePageView.swift */; };
		3172F0FE2C45A7C700219E6F /* cardProductsView.swift in Sources */ = {isa = PBXBuildFile; fileRef = 3172F0FD2C45A7C700219E6F /* cardProductsView.swift */; };
		3172F1002C45A97800219E6F /* CartView.swift in Sources */ = {isa = PBXBuildFile; fileRef = 3172F0FF2C45A97800219E6F /* CartView.swift */; };
		3172F1022C465DF900219E6F /* PaymentButton.swift in Sources */ = {isa = PBXBuildFile; fileRef = 3172F1012C465DF900219E6F /* PaymentButton.swift */; };
		3172F1042C46617D00219E6F /* ProductDetailsView.swift in Sources */ = {isa = PBXBuildFile; fileRef = 3172F1032C46617D00219E6F /* ProductDetailsView.swift */; };
		3172F1062C4672C900219E6F /* PoductsView.swift in Sources */ = {isa = PBXBuildFile; fileRef = 3172F1052C4672C900219E6F /* PoductsView.swift */; };
/* End PBXBuildFile section */

/* Begin PBXFileReference section */
		3172F0D92C456ABC00219E6F /* My-Showroom.app */ = {isa = PBXFileReference; explicitFileType = wrapper.application; includeInIndex = 0; path = "My-Showroom.app"; sourceTree = BUILT_PRODUCTS_DIR; };
		3172F0DC2C456ABC00219E6F /* My_ShowroomApp.swift */ = {isa = PBXFileReference; lastKnownFileType = sourcecode.swift; path = My_ShowroomApp.swift; sourceTree = "<group>"; };
		3172F0DE2C456ABC00219E6F /* ContentView.swift */ = {isa = PBXFileReference; lastKnownFileType = sourcecode.swift; path = ContentView.swift; sourceTree = "<group>"; };
		3172F0E02C456ABD00219E6F /* Assets.xcassets */ = {isa = PBXFileReference; lastKnownFileType = folder.assetcatalog; path = Assets.xcassets; sourceTree = "<group>"; };
		3172F0E32C456ABD00219E6F /* Preview Assets.xcassets */ = {isa = PBXFileReference; lastKnownFileType = folder.assetcatalog; path = "Preview Assets.xcassets"; sourceTree = "<group>"; };
		3172F0EB2C457EEE00219E6F /* Product.swift */ = {isa = PBXFileReference; lastKnownFileType = sourcecode.swift; path = Product.swift; sourceTree = "<group>"; };
		3172F0EE2C45816D00219E6F /* ImageSliderView.swift */ = {isa = PBXFileReference; lastKnownFileType = sourcecode.swift; path = ImageSliderView.swift; sourceTree = "<group>"; };
		3172F0F02C45866700219E6F /* ProductCardView.swift */ = {isa = PBXFileReference; lastKnownFileType = sourcecode.swift; path = ProductCardView.swift; sourceTree = "<group>"; };
		3172F0F22C45868200219E6F /* SearchView.swift */ = {isa = PBXFileReference; lastKnownFileType = sourcecode.swift; path = SearchView.swift; sourceTree = "<group>"; };
		3172F0F42C45883B00219E6F /* CartManager.swift */ = {isa = PBXFileReference; lastKnownFileType = sourcecode.swift; path = CartManager.swift; sourceTree = "<group>"; };
		3172F0F82C459D3600219E6F /* CartButton.swift */ = {isa = PBXFileReference; lastKnownFileType = sourcecode.swift; path = CartButton.swift; sourceTree = "<group>"; };
		3172F0FB2C459E4900219E6F /* HomePageView.swift */ = {isa = PBXFileReference; lastKnownFileType = sourcecode.swift; path = HomePageView.swift; sourceTree = "<group>"; };
		3172F0FD2C45A7C700219E6F /* cardProductsView.swift */ = {isa = PBXFileReference; lastKnownFileType = sourcecode.swift; path = cardProductsView.swift; sourceTree = "<group>"; };
		3172F0FF2C45A97800219E6F /* CartView.swift */ = {isa = PBXFileReference; lastKnownFileType = sourcecode.swift; path = CartView.swift; sourceTree = "<group>"; };
		3172F1012C465DF900219E6F /* PaymentButton.swift */ = {isa = PBXFileReference; lastKnownFileType = sourcecode.swift; path = PaymentButton.swift; sourceTree = "<group>"; };
		3172F1032C46617D00219E6F /* ProductDetailsView.swift */ = {isa = PBXFileReference; lastKnownFileType = sourcecode.swift; path = ProductDetailsView.swift; sourceTree = "<group>"; };
		3172F1052C4672C900219E6F /* PoductsView.swift */ = {isa = PBXFileReference; lastKnownFileType = sourcecode.swift; path = PoductsView.swift; sourceTree = "<group>"; };
/* End PBXFileReference section */

/* Begin PBXFrameworksBuildPhase section */
		3172F0D62C456ABC00219E6F /* Frameworks */ = {
			isa = PBXFrameworksBuildPhase;
			buildActionMask = 2147483647;
			files = (
			);
			runOnlyForDeploymentPostprocessing = 0;
		};
/* End PBXFrameworksBuildPhase section */

/* Begin PBXGroup section */
		3172F0D02C456ABC00219E6F = {
			isa = PBXGroup;
			children = (
				3172F0DB2C456ABC00219E6F /* My-Showroom */,
				3172F0DA2C456ABC00219E6F /* Products */,
			);
			sourceTree = "<group>";
		};
		3172F0DA2C456ABC00219E6F /* Products */ = {
			isa = PBXGroup;
			children = (
				3172F0D92C456ABC00219E6F /* My-Showroom.app */,
			);
			name = Products;
			sourceTree = "<group>";
		};
		3172F0DB2C456ABC00219E6F /* My-Showroom */ = {
			isa = PBXGroup;
			children = (
				3172F0FA2C459E1600219E6F /* Views */,
				3172F0ED2C45815200219E6F /* Components */,
				3172F0EA2C457ED100219E6F /* Models */,
				3172F0DC2C456ABC00219E6F /* My_ShowroomApp.swift */,
				3172F0E02C456ABD00219E6F /* Assets.xcassets */,
				3172F0E22C456ABD00219E6F /* Preview Content */,
				3172F0F42C45883B00219E6F /* CartManager.swift */,
			);
			path = "My-Showroom";
			sourceTree = "<group>";
		};
		3172F0E22C456ABD00219E6F /* Preview Content */ = {
			isa = PBXGroup;
			children = (
				3172F0E32C456ABD00219E6F /* Preview Assets.xcassets */,
			);
			path = "Preview Content";
			sourceTree = "<group>";
		};
		3172F0EA2C457ED100219E6F /* Models */ = {
			isa = PBXGroup;
			children = (
				3172F0EB2C457EEE00219E6F /* Product.swift */,
			);
			path = Models;
			sourceTree = "<group>";
		};
		3172F0ED2C45815200219E6F /* Components */ = {
			isa = PBXGroup;
			children = (
				3172F0EE2C45816D00219E6F /* ImageSliderView.swift */,
				3172F0F02C45866700219E6F /* ProductCardView.swift */,
				3172F0F22C45868200219E6F /* SearchView.swift */,
				3172F0F82C459D3600219E6F /* CartButton.swift */,
				3172F0FD2C45A7C700219E6F /* cardProductsView.swift */,
				3172F1012C465DF900219E6F /* PaymentButton.swift */,
			);
			path = Components;
			sourceTree = "<group>";
		};
		3172F0FA2C459E1600219E6F /* Views */ = {
			isa = PBXGroup;
			children = (
				3172F0DE2C456ABC00219E6F /* ContentView.swift */,
				3172F0FB2C459E4900219E6F /* HomePageView.swift */,
				3172F0FF2C45A97800219E6F /* CartView.swift */,
				3172F1032C46617D00219E6F /* ProductDetailsView.swift */,
				3172F1052C4672C900219E6F /* PoductsView.swift */,
			);
			name = Views;
			sourceTree = "<group>";
		};
/* End PBXGroup section */

/* Begin PBXNativeTarget section */
		3172F0D82C456ABC00219E6F /* My-Showroom */ = {
			isa = PBXNativeTarget;
			buildConfigurationList = 3172F0E72C456ABD00219E6F /* Build configuration list for PBXNativeTarget "My-Showroom" */;
			buildPhases = (
				3172F0D52C456ABC00219E6F /* Sources */,
				3172F0D62C456ABC00219E6F /* Frameworks */,
				3172F0D72C456ABC00219E6F /* Resources */,
			);
			buildRules = (
			);
			dependencies = (
			);
			name = "My-Showroom";
			productName = "My-Showroom";
			productReference = 3172F0D92C456ABC00219E6F /* My-Showroom.app */;
			productType = "com.apple.product-type.application";
		};
/* End PBXNativeTarget section */

/* Begin PBXProject section */
		3172F0D12C456ABC00219E6F /* Project object */ = {
			isa = PBXProject;
			attributes = {
				BuildIndependentTargetsInParallel = 1;
				LastSwiftUpdateCheck = 1540;
				LastUpgradeCheck = 1540;
				TargetAttributes = {
					3172F0D82C456ABC00219E6F = {
						CreatedOnToolsVersion = 15.4;
					};
				};
			};
			buildConfigurationList = 3172F0D42C456ABC00219E6F /* Build configuration list for PBXProject "My-Showroom" */;
			compatibilityVersion = "Xcode 14.0";
			developmentRegion = en;
			hasScannedForEncodings = 0;
			knownRegions = (
				en,
				Base,
			);
			mainGroup = 3172F0D02C456ABC00219E6F;
			productRefGroup = 3172F0DA2C456ABC00219E6F /* Products */;
			projectDirPath = "";
			projectRoot = "";
			targets = (
				3172F0D82C456ABC00219E6F /* My-Showroom */,
			);
		};
/* End PBXProject section */

/* Begin PBXResourcesBuildPhase section */
		3172F0D72C456ABC00219E6F /* Resources */ = {
			isa = PBXResourcesBuildPhase;
			buildActionMask = 2147483647;
			files = (
				3172F0E42C456ABD00219E6F /* Preview Assets.xcassets in Resources */,
				3172F0E12C456ABD00219E6F /* Assets.xcassets in Resources */,
			);
			runOnlyForDeploymentPostprocessing = 0;
		};
/* End PBXResourcesBuildPhase section */

/* Begin PBXSourcesBuildPhase section */
		3172F0D52C456ABC00219E6F /* Sources */ = {
			isa = PBXSourcesBuildPhase;
			buildActionMask = 2147483647;
			files = (
				3172F1022C465DF900219E6F /* PaymentButton.swift in Sources */,
				3172F0DF2C456ABC00219E6F /* ContentView.swift in Sources */,
				3172F0F92C459D3600219E6F /* CartButton.swift in Sources */,
				3172F0EF2C45816D00219E6F /* ImageSliderView.swift in Sources */,
				3172F0F52C45883B00219E6F /* CartManager.swift in Sources */,
				3172F0DD2C456ABC00219E6F /* My_ShowroomApp.swift in Sources */,
				3172F0EC2C457EEE00219E6F /* Product.swift in Sources */,
				3172F1002C45A97800219E6F /* CartView.swift in Sources */,
				3172F0FE2C45A7C700219E6F /* cardProductsView.swift in Sources */,
				3172F1062C4672C900219E6F /* PoductsView.swift in Sources */,
				3172F0F32C45868200219E6F /* SearchView.swift in Sources */,
				3172F1042C46617D00219E6F /* ProductDetailsView.swift in Sources */,
				3172F0FC2C459E4900219E6F /* HomePageView.swift in Sources */,
				3172F0F12C45866700219E6F /* ProductCardView.swift in Sources */,
			);
			runOnlyForDeploymentPostprocessing = 0;
		};
/* End PBXSourcesBuildPhase section */

/* Begin XCBuildConfiguration section */
		3172F0E52C456ABD00219E6F /* Debug */ = {
			isa = XCBuildConfiguration;
			buildSettings = {
				ALWAYS_SEARCH_USER_PATHS = NO;
				ASSETCATALOG_COMPILER_GENERATE_SWIFT_ASSET_SYMBOL_EXTENSIONS = YES;
				CLANG_ANALYZER_NONNULL = YES;
				CLANG_ANALYZER_NUMBER_OBJECT_CONVERSION = YES_AGGRESSIVE;
				CLANG_CXX_LANGUAGE_STANDARD = "gnu++20";
				CLANG_ENABLE_MODULES = YES;
				CLANG_ENABLE_OBJC_ARC = YES;
				CLANG_ENABLE_OBJC_WEAK = YES;
				CLANG_WARN_BLOCK_CAPTURE_AUTORELEASING = YES;
				CLANG_WARN_BOOL_CONVERSION = YES;
				CLANG_WARN_COMMA = YES;
				CLANG_WARN_CONSTANT_CONVERSION = YES;
				CLANG_WARN_DEPRECATED_OBJC_IMPLEMENTATIONS = YES;
				CLANG_WARN_DIRECT_OBJC_ISA_USAGE = YES_ERROR;
				CLANG_WARN_DOCUMENTATION_COMMENTS = YES;
				CLANG_WARN_EMPTY_BODY = YES;
				CLANG_WARN_ENUM_CONVERSION = YES;
				CLANG_WARN_INFINITE_RECURSION = YES;
				CLANG_WARN_INT_CONVERSION = YES;
				CLANG_WARN_NON_LITERAL_NULL_CONVERSION = YES;
				CLANG_WARN_OBJC_IMPLICIT_RETAIN_SELF = YES;
				CLANG_WARN_OBJC_LITERAL_CONVERSION = YES;
				CLANG_WARN_OBJC_ROOT_CLASS = YES_ERROR;
				CLANG_WARN_QUOTED_INCLUDE_IN_FRAMEWORK_HEADER = YES;
				CLANG_WARN_RANGE_LOOP_ANALYSIS = YES;
				CLANG_WARN_STRICT_PROTOTYPES = YES;
				CLANG_WARN_SUSPICIOUS_MOVE = YES;
				CLANG_WARN_UNGUARDED_AVAILABILITY = YES_AGGRESSIVE;
				CLANG_WARN_UNREACHABLE_CODE = YES;
				CLANG_WARN__DUPLICATE_METHOD_MATCH = YES;
				COPY_PHASE_STRIP = NO;
				DEBUG_INFORMATION_FORMAT = dwarf;
				ENABLE_STRICT_OBJC_MSGSEND = YES;
				ENABLE_TESTABILITY = YES;
				ENABLE_USER_SCRIPT_SANDBOXING = YES;
				GCC_C_LANGUAGE_STANDARD = gnu17;
				GCC_DYNAMIC_NO_PIC = NO;
				GCC_NO_COMMON_BLOCKS = YES;
				GCC_OPTIMIZATION_LEVEL = 0;
				GCC_PREPROCESSOR_DEFINITIONS = (
					"DEBUG=1",
					"$(inherited)",
				);
				GCC_WARN_64_TO_32_BIT_CONVERSION = YES;
				GCC_WARN_ABOUT_RETURN_TYPE = YES_ERROR;
				GCC_WARN_UNDECLARED_SELECTOR = YES;
				GCC_WARN_UNINITIALIZED_AUTOS = YES_AGGRESSIVE;
				GCC_WARN_UNUSED_FUNCTION = YES;
				GCC_WARN_UNUSED_VARIABLE = YES;
				IPHONEOS_DEPLOYMENT_TARGET = 17.5;
				LOCALIZATION_PREFERS_STRING_CATALOGS = YES;
				MTL_ENABLE_DEBUG_INFO = INCLUDE_SOURCE;
				MTL_FAST_MATH = YES;
				ONLY_ACTIVE_ARCH = YES;
				SDKROOT = iphoneos;
				SWIFT_ACTIVE_COMPILATION_CONDITIONS = "DEBUG $(inherited)";
				SWIFT_OPTIMIZATION_LEVEL = "-Onone";
			};
			name = Debug;
		};
		3172F0E62C456ABD00219E6F /* Release */ = {
			isa = XCBuildConfiguration;
			buildSettings = {
				ALWAYS_SEARCH_USER_PATHS = NO;
				ASSETCATALOG_COMPILER_GENERATE_SWIFT_ASSET_SYMBOL_EXTENSIONS = YES;
				CLANG_ANALYZER_NONNULL = YES;
				CLANG_ANALYZER_NUMBER_OBJECT_CONVERSION = YES_AGGRESSIVE;
				CLANG_CXX_LANGUAGE_STANDARD = "gnu++20";
				CLANG_ENABLE_MODULES = YES;
				CLANG_ENABLE_OBJC_ARC = YES;
				CLANG_ENABLE_OBJC_WEAK = YES;
				CLANG_WARN_BLOCK_CAPTURE_AUTORELEASING = YES;
				CLANG_WARN_BOOL_CONVERSION = YES;
				CLANG_WARN_COMMA = YES;
				CLANG_WARN_CONSTANT_CONVERSION = YES;
				CLANG_WARN_DEPRECATED_OBJC_IMPLEMENTATIONS = YES;
				CLANG_WARN_DIRECT_OBJC_ISA_USAGE = YES_ERROR;
				CLANG_WARN_DOCUMENTATION_COMMENTS = YES;
				CLANG_WARN_EMPTY_BODY = YES;
				CLANG_WARN_ENUM_CONVERSION = YES;
				CLANG_WARN_INFINITE_RECURSION = YES;
				CLANG_WARN_INT_CONVERSION = YES;
				CLANG_WARN_NON_LITERAL_NULL_CONVERSION = YES;
				CLANG_WARN_OBJC_IMPLICIT_RETAIN_SELF = YES;
				CLANG_WARN_OBJC_LITERAL_CONVERSION = YES;
				CLANG_WARN_OBJC_ROOT_CLASS = YES_ERROR;
				CLANG_WARN_QUOTED_INCLUDE_IN_FRAMEWORK_HEADER = YES;
				CLANG_WARN_RANGE_LOOP_ANALYSIS = YES;
				CLANG_WARN_STRICT_PROTOTYPES = YES;
				CLANG_WARN_SUSPICIOUS_MOVE = YES;
				CLANG_WARN_UNGUARDED_AVAILABILITY = YES_AGGRESSIVE;
				CLANG_WARN_UNREACHABLE_CODE = YES;
				CLANG_WARN__DUPLICATE_METHOD_MATCH = YES;
				COPY_PHASE_STRIP = NO;
				DEBUG_INFORMATION_FORMAT = "dwarf-with-dsym";
				ENABLE_NS_ASSERTIONS = NO;
				ENABLE_STRICT_OBJC_MSGSEND = YES;
				ENABLE_USER_SCRIPT_SANDBOXING = YES;
				GCC_C_LANGUAGE_STANDARD = gnu17;
				GCC_NO_COMMON_BLOCKS = YES;
				GCC_WARN_64_TO_32_BIT_CONVERSION = YES;
				GCC_WARN_ABOUT_RETURN_TYPE = YES_ERROR;
				GCC_WARN_UNDECLARED_SELECTOR = YES;
				GCC_WARN_UNINITIALIZED_AUTOS = YES_AGGRESSIVE;
				GCC_WARN_UNUSED_FUNCTION = YES;
				GCC_WARN_UNUSED_VARIABLE = YES;
				IPHONEOS_DEPLOYMENT_TARGET = 17.5;
				LOCALIZATION_PREFERS_STRING_CATALOGS = YES;
				MTL_ENABLE_DEBUG_INFO = NO;
				MTL_FAST_MATH = YES;
				SDKROOT = iphoneos;
				SWIFT_COMPILATION_MODE = wholemodule;
				VALIDATE_PRODUCT = YES;
			};
			name = Release;
		};
		3172F0E82C456ABD00219E6F /* Debug */ = {
			isa = XCBuildConfiguration;
			buildSettings = {
				ASSETCATALOG_COMPILER_APPICON_NAME = AppIcon;
				ASSETCATALOG_COMPILER_GLOBAL_ACCENT_COLOR_NAME = AccentColor;
				CODE_SIGN_STYLE = Automatic;
				CURRENT_PROJECT_VERSION = 1;
				DEVELOPMENT_ASSET_PATHS = "\"My-Showroom/Preview Content\"";
				DEVELOPMENT_TEAM = 457N46JP2X;
				ENABLE_PREVIEWS = YES;
				GENERATE_INFOPLIST_FILE = YES;
				INFOPLIST_KEY_UIApplicationSceneManifest_Generation = YES;
				INFOPLIST_KEY_UIApplicationSupportsIndirectInputEvents = YES;
				INFOPLIST_KEY_UILaunchScreen_Generation = YES;
				INFOPLIST_KEY_UISupportedInterfaceOrientations_iPad = "UIInterfaceOrientationPortrait UIInterfaceOrientationPortraitUpsideDown UIInterfaceOrientationLandscapeLeft UIInterfaceOrientationLandscapeRight";
				INFOPLIST_KEY_UISupportedInterfaceOrientations_iPhone = "UIInterfaceOrientationPortrait UIInterfaceOrientationLandscapeLeft UIInterfaceOrientationLandscapeRight";
				LD_RUNPATH_SEARCH_PATHS = (
					"$(inherited)",
					"@executable_path/Frameworks",
				);
				MARKETING_VERSION = 1.0;
				PRODUCT_BUNDLE_IDENTIFIER = "com.imatboss.My-Showroom";
				PRODUCT_NAME = "$(TARGET_NAME)";
				SWIFT_EMIT_LOC_STRINGS = YES;
				SWIFT_VERSION = 5.0;
				TARGETED_DEVICE_FAMILY = "1,2";
			};
			name = Debug;
		};
		3172F0E92C456ABD00219E6F /* Release */ = {
			isa = XCBuildConfiguration;
			buildSettings = {
				ASSETCATALOG_COMPILER_APPICON_NAME = AppIcon;
				ASSETCATALOG_COMPILER_GLOBAL_ACCENT_COLOR_NAME = AccentColor;
				CODE_SIGN_STYLE = Automatic;
				CURRENT_PROJECT_VERSION = 1;
				DEVELOPMENT_ASSET_PATHS = "\"My-Showroom/Preview Content\"";
				DEVELOPMENT_TEAM = 457N46JP2X;
				ENABLE_PREVIEWS = YES;
				GENERATE_INFOPLIST_FILE = YES;
				INFOPLIST_KEY_UIApplicationSceneManifest_Generation = YES;
				INFOPLIST_KEY_UIApplicationSupportsIndirectInputEvents = YES;
				INFOPLIST_KEY_UILaunchScreen_Generation = YES;
				INFOPLIST_KEY_UISupportedInterfaceOrientations_iPad = "UIInterfaceOrientationPortrait UIInterfaceOrientationPortraitUpsideDown UIInterfaceOrientationLandscapeLeft UIInterfaceOrientationLandscapeRight";
				INFOPLIST_KEY_UISupportedInterfaceOrientations_iPhone = "UIInterfaceOrientationPortrait UIInterfaceOrientationLandscapeLeft UIInterfaceOrientationLandscapeRight";
				LD_RUNPATH_SEARCH_PATHS = (
					"$(inherited)",
					"@executable_path/Frameworks",
				);
				MARKETING_VERSION = 1.0;
				PRODUCT_BUNDLE_IDENTIFIER = "com.imatboss.My-Showroom";
				PRODUCT_NAME = "$(TARGET_NAME)";
				SWIFT_EMIT_LOC_STRINGS = YES;
				SWIFT_VERSION = 5.0;
				TARGETED_DEVICE_FAMILY = "1,2";
			};
			name = Release;
		};
/* End XCBuildConfiguration section */

/* Begin XCConfigurationList section */
		3172F0D42C456ABC00219E6F /* Build configuration list for PBXProject "My-Showroom" */ = {
			isa = XCConfigurationList;
			buildConfigurations = (
				3172F0E52C456ABD00219E6F /* Debug */,
				3172F0E62C456ABD00219E6F /* Release */,
			);
			defaultConfigurationIsVisible = 0;
			defaultConfigurationName = Release;
		};
		3172F0E72C456ABD00219E6F /* Build configuration list for PBXNativeTarget "My-Showroom" */ = {
			isa = XCConfigurationList;
			buildConfigurations = (
				3172F0E82C456ABD00219E6F /* Debug */,
				3172F0E92C456ABD00219E6F /* Release */,
			);
			defaultConfigurationIsVisible = 0;
			defaultConfigurationName = Release;
		};
/* End XCConfigurationList section */
	};
	rootObject = 3172F0D12C456ABC00219E6F /* Project object */;
}
